{
  "nodes": {
    "blocklist-repo": {
      "flake": false,
      "locked": {
        "lastModified": 1713759709,
        "narHash": "sha256-urlGR/xrjoAsxDz/PzXCO65u0oytkVM6l9FV21NO9ic=",
        "owner": "StevenBlack",
        "repo": "hosts",
        "rev": "6d89ad4c73591ca87c7ea368f9925a7306304978",
        "type": "github"
      },
      "original": {
        "owner": "StevenBlack",
        "repo": "hosts",
        "type": "github"
      }
    },
    "home-manager": {
      "inputs": {
        "nixpkgs": [
          "nixpkgs"
        ]
      },
      "locked": {
        "lastModified": 1713077896,
        "narHash": "sha256-Noot8H0EZEAFRQWyGxh9ryvhK96xpIqKbh78X447JWs=",
        "owner": "nix-community",
        "repo": "home-manager",
        "rev": "630a0992b3627c64e34f179fab68e3d48c6991c0",
        "type": "github"
      },
      "original": {
        "owner": "nix-community",
        "ref": "master",
        "repo": "home-manager",
        "type": "github"
      }
    },
    "nixpkgs": {
      "locked": {
        "lastModified": 1712608508,
        "narHash": "sha256-vMZ5603yU0wxgyQeHJryOI+O61yrX2AHwY6LOFyV1gM=",
        "owner": "NixOS",
        "repo": "nixpkgs",
        "rev": "4cba8b53da471aea2ab2b0c1f30a81e7c451f4b6",
        "type": "github"
      },
      "original": {
        "id": "nixpkgs",
        "ref": "nixos-unstable",
        "type": "indirect"
      }
    },
    "root": {
      "inputs": {
        "blocklist-repo": "blocklist-repo",
        "home-manager": "home-manager",
        "nixpkgs": "nixpkgs"
      }
    }
  },
  "root": "root",
  "version": 7
}
